
Microsoft Visual Studio Solution File, Format Version 12.00
# Visual Studio Version 16
VisualStudioVersion = 16.0.29609.76
MinimumVisualStudioVersion = 10.0.40219.1
Project("{FAE04EC0-301F-11D3-BF4B-00C04F79EFBC}") = "BlockArchiver", "BlockArchiver\BlockArchiver.csproj", "{F2185503-3672-4CA2-A4C3-454C298EC729}"
EndProject
Global
	GlobalSection(SolutionConfigurationPlatforms) = preSolution
		Debug|Any CPU = Debug|Any CPU
		Release|Any CPU = Release|Any CPU
	EndGlobalSection
	GlobalSection(ProjectConfigurationPlatforms) = postSolution
		{F2185503-3672-4CA2-A4C3-454C298EC729}.Debug|Any CPU.ActiveCfg = Debug|Any CPU
		{F2185503-3672-4CA2-A4C3-454C298EC729}.Debug|Any CPU.Build.0 = Debug|Any CPU
		{F2185503-3672-4CA2-A4C3-454C298EC729}.Release|Any CPU.ActiveCfg = Release|Any CPU
		{F2185503-3672-4CA2-A4C3-454C298EC729}.Release|Any CPU.Build.0 = Release|Any CPU
	EndGlobalSection
	GlobalSection(SolutionProperties) = preSolution
		HideSolutionNode = FALSE
	EndGlobalSection
	GlobalSection(ExtensibilityGlobals) = postSolution
		SolutionGuid = {5B3781F5-9B93-4F4A-BAA3-64A10ED9AD93}
	EndGlobalSection
EndGlobal
